
Microsoft Visual Studio Solution File, Format Version 12.00
# Visual Studio 2012
Project("{FAE04EC0-301F-11D3-BF4B-00C04F79EFBC}") = "MonicaMatricula.Dominio", "MonicaMatricula.Dominio\MonicaMatricula.Dominio.csproj", "{A139EBA9-6519-4006-A1ED-93B2FB6761F4}"
EndProject
Project("{FAE04EC0-301F-11D3-BF4B-00C04F79EFBC}") = "MonicaMatricula.Repositorio", "MonicaMatricula.Repositorio\MonicaMatricula.Repositorio.csproj", "{5EB98967-9664-4EA5-8948-E0F6D5AE73F9}"
EndProject
Project("{FAE04EC0-301F-11D3-BF4B-00C04F79EFBC}") = "MonicaMatricula.Aplicacao", "MonicaMatricula.Aplicacao\MonicaMatricula.Aplicacao.csproj", "{9AB7DFFC-6392-44B4-AD5A-4BAD620EFDD3}"
EndProject
Project("{FAE04EC0-301F-11D3-BF4B-00C04F79EFBC}") = "MonicaMatricula.UI.Web", "MonicaMatricula.UI.Web\MonicaMatricula.UI.Web.csproj", "{5266C7E0-F1D7-4F68-9530-B61D77616B15}"
EndProject
Global
	GlobalSection(SolutionConfigurationPlatforms) = preSolution
		Debug|Any CPU = Debug|Any CPU
		Release|Any CPU = Release|Any CPU
	EndGlobalSection
	GlobalSection(ProjectConfigurationPlatforms) = postSolution
		{A139EBA9-6519-4006-A1ED-93B2FB6761F4}.Debug|Any CPU.ActiveCfg = Debug|Any CPU
		{A139EBA9-6519-4006-A1ED-93B2FB6761F4}.Debug|Any CPU.Build.0 = Debug|Any CPU
		{A139EBA9-6519-4006-A1ED-93B2FB6761F4}.Release|Any CPU.ActiveCfg = Release|Any CPU
		{A139EBA9-6519-4006-A1ED-93B2FB6761F4}.Release|Any CPU.Build.0 = Release|Any CPU
		{5EB98967-9664-4EA5-8948-E0F6D5AE73F9}.Debug|Any CPU.ActiveCfg = Debug|Any CPU
		{5EB98967-9664-4EA5-8948-E0F6D5AE73F9}.Debug|Any CPU.Build.0 = Debug|Any CPU
		{5EB98967-9664-4EA5-8948-E0F6D5AE73F9}.Release|Any CPU.ActiveCfg = Release|Any CPU
		{5EB98967-9664-4EA5-8948-E0F6D5AE73F9}.Release|Any CPU.Build.0 = Release|Any CPU
		{9AB7DFFC-6392-44B4-AD5A-4BAD620EFDD3}.Debug|Any CPU.ActiveCfg = Debug|Any CPU
		{9AB7DFFC-6392-44B4-AD5A-4BAD620EFDD3}.Debug|Any CPU.Build.0 = Debug|Any CPU
		{9AB7DFFC-6392-44B4-AD5A-4BAD620EFDD3}.Release|Any CPU.ActiveCfg = Release|Any CPU
		{9AB7DFFC-6392-44B4-AD5A-4BAD620EFDD3}.Release|Any CPU.Build.0 = Release|Any CPU
		{5266C7E0-F1D7-4F68-9530-B61D77616B15}.Debug|Any CPU.ActiveCfg = Debug|Any CPU
		{5266C7E0-F1D7-4F68-9530-B61D77616B15}.Debug|Any CPU.Build.0 = Debug|Any CPU
		{5266C7E0-F1D7-4F68-9530-B61D77616B15}.Release|Any CPU.ActiveCfg = Release|Any CPU
		{5266C7E0-F1D7-4F68-9530-B61D77616B15}.Release|Any CPU.Build.0 = Release|Any CPU
	EndGlobalSection
	GlobalSection(SolutionProperties) = preSolution
		HideSolutionNode = FALSE
	EndGlobalSection
EndGlobal
